// !$*UTF8*$!
{
	archiveVersion = 1;
	classes = {
	};
	objectVersion = 46;
	objects = {

/* Begin PBXBuildFile section */
		B40EE4D41A2DE683001D6510 /* Foundation.framework in Frameworks */ = {isa = PBXBuildFile; fileRef = B40EE4D31A2DE683001D6510 /* Foundation.framework */; };
		B40EE4D61A2DE683001D6510 /* CoreGraphics.framework in Frameworks */ = {isa = PBXBuildFile; fileRef = B40EE4D51A2DE683001D6510 /* CoreGraphics.framework */; };
		B40EE4D81A2DE683001D6510 /* UIKit.framework in Frameworks */ = {isa = PBXBuildFile; fileRef = B40EE4D71A2DE683001D6510 /* UIKit.framework */; };
		B40EE4DE1A2DE683001D6510 /* InfoPlist.strings in Resources */ = {isa = PBXBuildFile; fileRef = B40EE4DC1A2DE683001D6510 /* InfoPlist.strings */; };
		B40EE4E01A2DE683001D6510 /* main.m in Sources */ = {isa = PBXBuildFile; fileRef = B40EE4DF1A2DE683001D6510 /* main.m */; };
		B40EE4E41A2DE683001D6510 /* XYZAppDelegate.m in Sources */ = {isa = PBXBuildFile; fileRef = B40EE4E31A2DE683001D6510 /* XYZAppDelegate.m */; };
		B40EE4E71A2DE683001D6510 /* Main.storyboard in Resources */ = {isa = PBXBuildFile; fileRef = B40EE4E51A2DE683001D6510 /* Main.storyboard */; };
		B40EE4EA1A2DE683001D6510 /* XYZViewController.m in Sources */ = {isa = PBXBuildFile; fileRef = B40EE4E91A2DE683001D6510 /* XYZViewController.m */; };
		B40EE4EC1A2DE683001D6510 /* Images.xcassets in Resources */ = {isa = PBXBuildFile; fileRef = B40EE4EB1A2DE683001D6510 /* Images.xcassets */; };
		B40EE4F31A2DE683001D6510 /* XCTest.framework in Frameworks */ = {isa = PBXBuildFile; fileRef = B40EE4F21A2DE683001D6510 /* XCTest.framework */; };
		B40EE4F41A2DE683001D6510 /* Foundation.framework in Frameworks */ = {isa = PBXBuildFile; fileRef = B40EE4D31A2DE683001D6510 /* Foundation.framework */; };
		B40EE4F51A2DE683001D6510 /* UIKit.framework in Frameworks */ = {isa = PBXBuildFile; fileRef = B40EE4D71A2DE683001D6510 /* UIKit.framework */; };
		B40EE4FD1A2DE683001D6510 /* InfoPlist.strings in Resources */ = {isa = PBXBuildFile; fileRef = B40EE4FB1A2DE683001D6510 /* InfoPlist.strings */; };
		B40EE4FF1A2DE683001D6510 /* PickerSampleTests.m in Sources */ = {isa = PBXBuildFile; fileRef = B40EE4FE1A2DE683001D6510 /* PickerSampleTests.m */; };
/* End PBXBuildFile section */

/* Begin PBXContainerItemProxy section */
		B40EE4F61A2DE683001D6510 /* PBXContainerItemProxy */ = {
			isa = PBXContainerItemProxy;
			containerPortal = B40EE4C81A2DE683001D6510 /* Project object */;
			proxyType = 1;
			remoteGlobalIDString = B40EE4CF1A2DE683001D6510;
			remoteInfo = PickerSample;
		};
/* End PBXContainerItemProxy section */

/* Begin PBXFileReference section */
		B40EE4D01A2DE683001D6510 /* PickerSample.app */ = {isa = PBXFileReference; explicitFileType = wrapper.application; includeInIndex = 0; path = PickerSample.app; sourceTree = BUILT_PRODUCTS_DIR; };
		B40EE4D31A2DE683001D6510 /* Foundation.framework */ = {isa = PBXFileReference; lastKnownFileType = wrapper.framework; name = Foundation.framework; path = System/Library/Frameworks/Foundation.framework; sourceTree = SDKROOT; };
		B40EE4D51A2DE683001D6510 /* CoreGraphics.framework */ = {isa = PBXFileReference; lastKnownFileType = wrapper.framework; name = CoreGraphics.framework; path = System/Library/Frameworks/CoreGraphics.framework; sourceTree = SDKROOT; };
		B40EE4D71A2DE683001D6510 /* UIKit.framework */ = {isa = PBXFileReference; lastKnownFileType = wrapper.framework; name = UIKit.framework; path = System/Library/Frameworks/UIKit.framework; sourceTree = SDKROOT; };
		B40EE4DB1A2DE683001D6510 /* PickerSample-Info.plist */ = {isa = PBXFileReference; lastKnownFileType = text.plist.xml; path = "PickerSample-Info.plist"; sourceTree = "<group>"; };
		B40EE4DD1A2DE683001D6510 /* en */ = {isa = PBXFileReference; lastKnownFileType = text.plist.strings; name = en; path = en.lproj/InfoPlist.strings; sourceTree = "<group>"; };
		B40EE4DF1A2DE683001D6510 /* main.m */ = {isa = PBXFileReference; lastKnownFileType = sourcecode.c.objc; path = main.m; sourceTree = "<group>"; };
		B40EE4E11A2DE683001D6510 /* PickerSample-Prefix.pch */ = {isa = PBXFileReference; lastKnownFileType = sourcecode.c.h; path = "PickerSample-Prefix.pch"; sourceTree = "<group>"; };
		B40EE4E21A2DE683001D6510 /* XYZAppDelegate.h */ = {isa = PBXFileReference; lastKnownFileType = sourcecode.c.h; path = XYZAppDelegate.h; sourceTree = "<group>"; };
		B40EE4E31A2DE683001D6510 /* XYZAppDelegate.m */ = {isa = PBXFileReference; lastKnownFileType = sourcecode.c.objc; path = XYZAppDelegate.m; sourceTree = "<group>"; };
		B40EE4E61A2DE683001D6510 /* Base */ = {isa = PBXFileReference; lastKnownFileType = file.storyboard; name = Base; path = Base.lproj/Main.storyboard; sourceTree = "<group>"; };
		B40EE4E81A2DE683001D6510 /* XYZViewController.h */ = {isa = PBXFileReference; lastKnownFileType = sourcecode.c.h; path = XYZViewController.h; sourceTree = "<group>"; };
		B40EE4E91A2DE683001D6510 /* XYZViewController.m */ = {isa = PBXFileReference; lastKnownFileType = sourcecode.c.objc; path = XYZViewController.m; sourceTree = "<group>"; };
		B40EE4EB1A2DE683001D6510 /* Images.xcassets */ = {isa = PBXFileReference; lastKnownFileType = folder.assetcatalog; path = Images.xcassets; sourceTree = "<group>"; };
		B40EE4F11A2DE683001D6510 /* PickerSampleTests.xctest */ = {isa = PBXFileReference; explicitFileType = wrapper.cfbundle; includeInIndex = 0; path = PickerSampleTests.xctest; sourceTree = BUILT_PRODUCTS_DIR; };
		B40EE4F21A2DE683001D6510 /* XCTest.framework */ = {isa = PBXFileReference; lastKnownFileType = wrapper.framework; name = XCTest.framework; path = Library/Frameworks/XCTest.framework; sourceTree = DEVELOPER_DIR; };
		B40EE4FA1A2DE683001D6510 /* PickerSampleTests-Info.plist */ = {isa = PBXFileReference; lastKnownFileType = text.plist.xml; path = "PickerSampleTests-Info.plist"; sourceTree = "<group>"; };
		B40EE4FC1A2DE683001D6510 /* en */ = {isa = PBXFileReference; lastKnownFileType = text.plist.strings; name = en; path = en.lproj/InfoPlist.strings; sourceTree = "<group>"; };
		B40EE4FE1A2DE683001D6510 /* PickerSampleTests.m */ = {isa = PBXFileReference; lastKnownFileType = sourcecode.c.objc; path = PickerSampleTests.m; sourceTree = "<group>"; };
/* End PBXFileReference section */

/* Begin PBXFrameworksBuildPhase section */
		B40EE4CD1A2DE683001D6510 /* Frameworks */ = {
			isa = PBXFrameworksBuildPhase;
			buildActionMask = 2147483647;
			files = (
				B40EE4D61A2DE683001D6510 /* CoreGraphics.framework in Frameworks */,
				B40EE4D81A2DE683001D6510 /* UIKit.framework in Frameworks */,
				B40EE4D41A2DE683001D6510 /* Foundation.framework in Frameworks */,
			);
			runOnlyForDeploymentPostprocessing = 0;
		};
		B40EE4EE1A2DE683001D6510 /* Frameworks */ = {
			isa = PBXFrameworksBuildPhase;
			buildActionMask = 2147483647;
			files = (
				B40EE4F31A2DE683001D6510 /* XCTest.framework in Frameworks */,
				B40EE4F51A2DE683001D6510 /* UIKit.framework in Frameworks */,
				B40EE4F41A2DE683001D6510 /* Foundation.framework in Frameworks */,
			);
			runOnlyForDeploymentPostprocessing = 0;
		};
/* End PBXFrameworksBuildPhase section */

/* Begin PBXGroup section */
		B40EE4C71A2DE683001D6510 = {
			isa = PBXGroup;
			children = (
				B40EE4D91A2DE683001D6510 /* PickerSample */,
				B40EE4F81A2DE683001D6510 /* PickerSampleTests */,
				B40EE4D21A2DE683001D6510 /* Frameworks */,
				B40EE4D11A2DE683001D6510 /* Products */,
			);
			sourceTree = "<group>";
		};
		B40EE4D11A2DE683001D6510 /* Products */ = {
			isa = PBXGroup;
			children = (
				B40EE4D01A2DE683001D6510 /* PickerSample.app */,
				B40EE4F11A2DE683001D6510 /* PickerSampleTests.xctest */,
			);
			name = Products;
			sourceTree = "<group>";
		};
		B40EE4D21A2DE683001D6510 /* Frameworks */ = {
			isa = PBXGroup;
			children = (
				B40EE4D31A2DE683001D6510 /* Foundation.framework */,
				B40EE4D51A2DE683001D6510 /* CoreGraphics.framework */,
				B40EE4D71A2DE683001D6510 /* UIKit.framework */,
				B40EE4F21A2DE683001D6510 /* XCTest.framework */,
			);
			name = Frameworks;
			sourceTree = "<group>";
		};
		B40EE4D91A2DE683001D6510 /* PickerSample */ = {
			isa = PBXGroup;
			children = (
				B40EE4E21A2DE683001D6510 /* XYZAppDelegate.h */,
				B40EE4E31A2DE683001D6510 /* XYZAppDelegate.m */,
				B40EE4E51A2DE683001D6510 /* Main.storyboard */,
				B40EE4E81A2DE683001D6510 /* XYZViewController.h */,
				B40EE4E91A2DE683001D6510 /* XYZViewController.m */,
				B40EE4EB1A2DE683001D6510 /* Images.xcassets */,
				B40EE4DA1A2DE683001D6510 /* Supporting Files */,
			);
			path = PickerSample;
			sourceTree = "<group>";
		};
		B40EE4DA1A2DE683001D6510 /* Supporting Files */ = {
			isa = PBXGroup;
			children = (
				B40EE4DB1A2DE683001D6510 /* PickerSample-Info.plist */,
				B40EE4DC1A2DE683001D6510 /* InfoPlist.strings */,
				B40EE4DF1A2DE683001D6510 /* main.m */,
				B40EE4E11A2DE683001D6510 /* PickerSample-Prefix.pch */,
			);
			name = "Supporting Files";
			sourceTree = "<group>";
		};
		B40EE4F81A2DE683001D6510 /* PickerSampleTests */ = {
			isa = PBXGroup;
			children = (
				B40EE4FE1A2DE683001D6510 /* PickerSampleTests.m */,
				B40EE4F91A2DE683001D6510 /* Supporting Files */,
			);
			path = PickerSampleTests;
			sourceTree = "<group>";
		};
		B40EE4F91A2DE683001D6510 /* Supporting Files */ = {
			isa = PBXGroup;
			children = (
				B40EE4FA1A2DE683001D6510 /* PickerSampleTests-Info.plist */,
				B40EE4FB1A2DE683001D6510 /* InfoPlist.strings */,
			);
			name = "Supporting Files";
			sourceTree = "<group>";
		};
/* End PBXGroup section */

/* Begin PBXNativeTarget section */
		B40EE4CF1A2DE683001D6510 /* PickerSample */ = {
			isa = PBXNativeTarget;
			buildConfigurationList = B40EE5021A2DE683001D6510 /* Build configuration list for PBXNativeTarget "PickerSample" */;
			buildPhases = (
				B40EE4CC1A2DE683001D6510 /* Sources */,
				B40EE4CD1A2DE683001D6510 /* Frameworks */,
				B40EE4CE1A2DE683001D6510 /* Resources */,
			);
			buildRules = (
			);
			dependencies = (
			);
			name = PickerSample;
			productName = PickerSample;
			productReference = B40EE4D01A2DE683001D6510 /* PickerSample.app */;
			productType = "com.apple.product-type.application";
		};
		B40EE4F01A2DE683001D6510 /* PickerSampleTests */ = {
			isa = PBXNativeTarget;
			buildConfigurationList = B40EE5051A2DE683001D6510 /* Build configuration list for PBXNativeTarget "PickerSampleTests" */;
			buildPhases = (
				B40EE4ED1A2DE683001D6510 /* Sources */,
				B40EE4EE1A2DE683001D6510 /* Frameworks */,
				B40EE4EF1A2DE683001D6510 /* Resources */,
			);
			buildRules = (
			);
			dependencies = (
				B40EE4F71A2DE683001D6510 /* PBXTargetDependency */,
			);
			name = PickerSampleTests;
			productName = PickerSampleTests;
			productReference = B40EE4F11A2DE683001D6510 /* PickerSampleTests.xctest */;
			productType = "com.apple.product-type.bundle.unit-test";
		};
/* End PBXNativeTarget section */

/* Begin PBXProject section */
		B40EE4C81A2DE683001D6510 /* Project object */ = {
			isa = PBXProject;
			attributes = {
				CLASSPREFIX = XYZ;
				LastUpgradeCheck = 0510;
				ORGANIZATIONNAME = "___FULLUSERNAME___";
				TargetAttributes = {
					B40EE4F01A2DE683001D6510 = {
						TestTargetID = B40EE4CF1A2DE683001D6510;
					};
				};
			};
			buildConfigurationList = B40EE4CB1A2DE683001D6510 /* Build configuration list for PBXProject "PickerSample" */;
			compatibilityVersion = "Xcode 3.2";
			developmentRegion = English;
			hasScannedForEncodings = 0;
			knownRegions = (
				en,
				Base,
			);
			mainGroup = B40EE4C71A2DE683001D6510;
			productRefGroup = B40EE4D11A2DE683001D6510 /* Products */;
			projectDirPath = "";
			projectRoot = "";
			targets = (
				B40EE4CF1A2DE683001D6510 /* PickerSample */,
				B40EE4F01A2DE683001D6510 /* PickerSampleTests */,
			);
		};
/* End PBXProject section */

/* Begin PBXResourcesBuildPhase section */
		B40EE4CE1A2DE683001D6510 /* Resources */ = {
			isa = PBXResourcesBuildPhase;
			buildActionMask = 2147483647;
			files = (
				B40EE4EC1A2DE683001D6510 /* Images.xcassets in Resources */,
				B40EE4DE1A2DE683001D6510 /* InfoPlist.strings in Resources */,
				B40EE4E71A2DE683001D6510 /* Main.storyboard in Resources */,
			);
			runOnlyForDeploymentPostprocessing = 0;
		};
		B40EE4EF1A2DE683001D6510 /* Resources */ = {
			isa = PBXResourcesBuildPhase;
			buildActionMask = 2147483647;
			files = (
				B40EE4FD1A2DE683001D6510 /* InfoPlist.strings in Resources */,
			);
			runOnlyForDeploymentPostprocessing = 0;
		};
/* End PBXResourcesBuildPhase section */

/* Begin PBXSourcesBuildPhase section */
		B40EE4CC1A2DE683001D6510 /* Sources */ = {
			isa = PBXSourcesBuildPhase;
			buildActionMask = 2147483647;
			files = (
				B40EE4EA1A2DE683001D6510 /* XYZViewController.m in Sources */,
				B40EE4E41A2DE683001D6510 /* XYZAppDelegate.m in Sources */,
				B40EE4E01A2DE683001D6510 /* main.m in Sources */,
			);
			runOnlyForDeploymentPostprocessing = 0;
		};
		B40EE4ED1A2DE683001D6510 /* Sources */ = {
			isa = PBXSourcesBuildPhase;
			buildActionMask = 2147483647;
			files = (
				B40EE4FF1A2DE683001D6510 /* PickerSampleTests.m in Sources */,
			);
			runOnlyForDeploymentPostprocessing = 0;
		};
/* End PBXSourcesBuildPhase section */

/* Begin PBXTargetDependency section */
		B40EE4F71A2DE683001D6510 /* PBXTargetDependency */ = {
			isa = PBXTargetDependency;
			target = B40EE4CF1A2DE683001D6510 /* PickerSample */;
			targetProxy = B40EE4F61A2DE683001D6510 /* PBXContainerItemProxy */;
		};
/* End PBXTargetDependency section */

/* Begin PBXVariantGroup section */
		B40EE4DC1A2DE683001D6510 /* InfoPlist.strings */ = {
			isa = PBXVariantGroup;
			children = (
				B40EE4DD1A2DE683001D6510 /* en */,
			);
			name = InfoPlist.strings;
			sourceTree = "<group>";
		};
		B40EE4E51A2DE683001D6510 /* Main.storyboard */ = {
			isa = PBXVariantGroup;
			children = (
				B40EE4E61A2DE683001D6510 /* Base */,
			);
			name = Main.storyboard;
			sourceTree = "<group>";
		};
		B40EE4FB1A2DE683001D6510 /* InfoPlist.strings */ = {
			isa = PBXVariantGroup;
			children = (
				B40EE4FC1A2DE683001D6510 /* en */,
			);
			name = InfoPlist.strings;
			sourceTree = "<group>";
		};
/* End PBXVariantGroup section */

/* Begin XCBuildConfiguration section */
		B40EE5001A2DE683001D6510 /* Debug */ = {
			isa = XCBuildConfiguration;
			buildSettings = {
				ALWAYS_SEARCH_USER_PATHS = NO;
				CLANG_CXX_LANGUAGE_STANDARD = "gnu++0x";
				CLANG_CXX_LIBRARY = "libc++";
				CLANG_ENABLE_MODULES = YES;
				CLANG_ENABLE_OBJC_ARC = YES;
				CLANG_WARN_BOOL_CONVERSION = YES;
				CLANG_WARN_CONSTANT_CONVERSION = YES;
				CLANG_WARN_DIRECT_OBJC_ISA_USAGE = YES_ERROR;
				CLANG_WARN_EMPTY_BODY = YES;
				CLANG_WARN_ENUM_CONVERSION = YES;
				CLANG_WARN_INT_CONVERSION = YES;
				CLANG_WARN_OBJC_ROOT_CLASS = YES_ERROR;
				CLANG_WARN__DUPLICATE_METHOD_MATCH = YES;
				"CODE_SIGN_IDENTITY[sdk=iphoneos*]" = "iPhone Developer";
				COPY_PHASE_STRIP = NO;
				GCC_C_LANGUAGE_STANDARD = gnu99;
				GCC_DYNAMIC_NO_PIC = NO;
				GCC_OPTIMIZATION_LEVEL = 0;
				GCC_PREPROCESSOR_DEFINITIONS = (
					"DEBUG=1",
					"$(inherited)",
				);
				GCC_SYMBOLS_PRIVATE_EXTERN = NO;
				GCC_WARN_64_TO_32_BIT_CONVERSION = YES;
				GCC_WARN_ABOUT_RETURN_TYPE = YES_ERROR;
				GCC_WARN_UNDECLARED_SELECTOR = YES;
				GCC_WARN_UNINITIALIZED_AUTOS = YES_AGGRESSIVE;
				GCC_WARN_UNUSED_FUNCTION = YES;
				GCC_WARN_UNUSED_VARIABLE = YES;
				IPHONEOS_DEPLOYMENT_TARGET = 7.1;
				ONLY_ACTIVE_ARCH = YES;
				SDKROOT = iphoneos;
			};
			name = Debug;
		};
		B40EE5011A2DE683001D6510 /* Release */ = {
			isa = XCBuildConfiguration;
			buildSettings = {
				ALWAYS_SEARCH_USER_PATHS = NO;
				CLANG_CXX_LANGUAGE_STANDARD = "gnu++0x";
				CLANG_CXX_LIBRARY = "libc++";
				CLANG_ENABLE_MODULES = YES;
				CLANG_ENABLE_OBJC_ARC = YES;
				CLANG_WARN_BOOL_CONVERSION = YES;
				CLANG_WARN_CONSTANT_CONVERSION = YES;
				CLANG_WARN_DIRECT_OBJC_ISA_USAGE = YES_ERROR;
				CLANG_WARN_EMPTY_BODY = YES;
				CLANG_WARN_ENUM_CONVERSION = YES;
				CLANG_WARN_INT_CONVERSION = YES;
				CLANG_WARN_OBJC_ROOT_CLASS = YES_ERROR;
				CLANG_WARN__DUPLICATE_METHOD_MATCH = YES;
				"CODE_SIGN_IDENTITY[sdk=iphoneos*]" = "iPhone Developer";
				COPY_PHASE_STRIP = YES;
				ENABLE_NS_ASSERTIONS = NO;
				GCC_C_LANGUAGE_STANDARD = gnu99;
				GCC_WARN_64_TO_32_BIT_CONVERSION = YES;
				GCC_WARN_ABOUT_RETURN_TYPE = YES_ERROR;
				GCC_WARN_UNDECLARED_SELECTOR = YES;
				GCC_WARN_UNINITIALIZED_AUTOS = YES_AGGRESSIVE;
				GCC_WARN_UNUSED_FUNCTION = YES;
				GCC_WARN_UNUSED_VARIABLE = YES;
				IPHONEOS_DEPLOYMENT_TARGET = 7.1;
				SDKROOT = iphoneos;
				VALIDATE_PRODUCT = YES;
			};
			name = Release;
		};
		B40EE5031A2DE683001D6510 /* Debug */ = {
			isa = XCBuildConfiguration;
			buildSettings = {
				ASSETCATALOG_COMPILER_APPICON_NAME = AppIcon;
				ASSETCATALOG_COMPILER_LAUNCHIMAGE_NAME = LaunchImage;
				GCC_PRECOMPILE_PREFIX_HEADER = YES;
				GCC_PREFIX_HEADER = "PickerSample/PickerSample-Prefix.pch";
				INFOPLIST_FILE = "PickerSample/PickerSample-Info.plist";
				PRODUCT_NAME = "$(TARGET_NAME)";
				WRAPPER_EXTENSION = app;
			};
			name = Debug;
		};
		B40EE5041A2DE683001D6510 /* Release */ = {
			isa = XCBuildConfiguration;
			buildSettings = {
				ASSETCATALOG_COMPILER_APPICON_NAME = AppIcon;
				ASSETCATALOG_COMPILER_LAUNCHIMAGE_NAME = LaunchImage;
				GCC_PRECOMPILE_PREFIX_HEADER = YES;
				GCC_PREFIX_HEADER = "PickerSample/PickerSample-Prefix.pch";
				INFOPLIST_FILE = "PickerSample/PickerSample-Info.plist";
				PRODUCT_NAME = "$(TARGET_NAME)";
				WRAPPER_EXTENSION = app;
			};
			name = Release;
		};
		B40EE5061A2DE683001D6510 /* Debug */ = {
			isa = XCBuildConfiguration;
			buildSettings = {
				BUNDLE_LOADER = "$(BUILT_PRODUCTS_DIR)/PickerSample.app/PickerSample";
				FRAMEWORK_SEARCH_PATHS = (
					"$(SDKROOT)/Developer/Library/Frameworks",
					"$(inherited)",
					"$(DEVELOPER_FRAMEWORKS_DIR)",
				);
				GCC_PRECOMPILE_PREFIX_HEADER = YES;
				GCC_PREFIX_HEADER = "PickerSample/PickerSample-Prefix.pch";
				GCC_PREPROCESSOR_DEFINITIONS = (
					"DEBUG=1",
					"$(inherited)",
				);
				INFOPLIST_FILE = "PickerSampleTests/PickerSampleTests-Info.plist";
				PRODUCT_NAME = "$(TARGET_NAME)";
				TEST_HOST = "$(BUNDLE_LOADER)";
				WRAPPER_EXTENSION = xctest;
			};
			name = Debug;
		};
		B40EE5071A2DE683001D6510 /* Release */ = {
			isa = XCBuildConfiguration;
			buildSettings = {
				BUNDLE_LOADER = "$(BUILT_PRODUCTS_DIR)/PickerSample.app/PickerSample";
				FRAMEWORK_SEARCH_PATHS = (
					"$(SDKROOT)/Developer/Library/Frameworks",
					"$(inherited)",
					"$(DEVELOPER_FRAMEWORKS_DIR)",
				);
				GCC_PRECOMPILE_PREFIX_HEADER = YES;
				GCC_PREFIX_HEADER = "PickerSample/PickerSample-Prefix.pch";
				INFOPLIST_FILE = "PickerSampleTests/PickerSampleTests-Info.plist";
				PRODUCT_NAME = "$(TARGET_NAME)";
				TEST_HOST = "$(BUNDLE_LOADER)";
				WRAPPER_EXTENSION = xctest;
			};
			name = Release;
		};
/* End XCBuildConfiguration section */

/* Begin XCConfigurationList section */
		B40EE4CB1A2DE683001D6510 /* Build configuration list for PBXProject "PickerSample" */ = {
			isa = XCConfigurationList;
			buildConfigurations = (
				B40EE5001A2DE683001D6510 /* Debug */,
				B40EE5011A2DE683001D6510 /* Release */,
			);
			defaultConfigurationIsVisible = 0;
			defaultConfigurationName = Release;
		};
		B40EE5021A2DE683001D6510 /* Build configuration list for PBXNativeTarget "PickerSample" */ = {
			isa = XCConfigurationList;
			buildConfigurations = (
				B40EE5031A2DE683001D6510 /* Debug */,
				B40EE5041A2DE683001D6510 /* Release */,
			);
			defaultConfigurationIsVisible = 0;
		};
		B40EE5051A2DE683001D6510 /* Build configuration list for PBXNativeTarget "PickerSampleTests" */ = {
			isa = XCConfigurationList;
			buildConfigurations = (
				B40EE5061A2DE683001D6510 /* Debug */,
				B40EE5071A2DE683001D6510 /* Release */,
			);
			defaultConfigurationIsVisible = 0;
		};
/* End XCConfigurationList section */
	};
	rootObject = B40EE4C81A2DE683001D6510 /* Project object */;
}
